
Microsoft Visual Studio Solution File, Format Version 12.00
# Visual Studio 14
VisualStudioVersion = 14.0.22823.1
MinimumVisualStudioVersion = 10.0.40219.1
Project("{FAE04EC0-301F-11D3-BF4B-00C04F79EFBC}") = "DragoonSimulator", "DragoonSimulator\DragoonSimulator.csproj", "{3F1786E1-4CDC-405F-8824-FA6581EE2408}"
EndProject
Project("{2150E333-8FDC-42A3-9474-1A3956D46DE8}") = "Solution Items", "Solution Items", "{6D211C24-D0BC-4A2D-9B1A-2E047041E9D7}"
	ProjectSection(SolutionItems) = preProject
		README.md = README.md
	EndProjectSection
EndProject
Global
	GlobalSection(SolutionConfigurationPlatforms) = preSolution
		Debug|Any CPU = Debug|Any CPU
		Release|Any CPU = Release|Any CPU
	EndGlobalSection
	GlobalSection(ProjectConfigurationPlatforms) = postSolution
		{3F1786E1-4CDC-405F-8824-FA6581EE2408}.Debug|Any CPU.ActiveCfg = Debug|Any CPU
		{3F1786E1-4CDC-405F-8824-FA6581EE2408}.Debug|Any CPU.Build.0 = Debug|Any CPU
		{3F1786E1-4CDC-405F-8824-FA6581EE2408}.Release|Any CPU.ActiveCfg = Release|Any CPU
		{3F1786E1-4CDC-405F-8824-FA6581EE2408}.Release|Any CPU.Build.0 = Release|Any CPU
	EndGlobalSection
	GlobalSection(SolutionProperties) = preSolution
		HideSolutionNode = FALSE
	EndGlobalSection
EndGlobal
